
Microsoft Visual Studio Solution File, Format Version 12.00
# Visual Studio Version 16
VisualStudioVersion = 16.0.31005.135
MinimumVisualStudioVersion = 10.0.40219.1
Project("{FAE04EC0-301F-11D3-BF4B-00C04F79EFBC}") = "0408", "0408\0408.csproj", "{AEFFB713-3FB3-4BE0-B3FE-7644CA19F21A}"
EndProject
Global
	GlobalSection(SolutionConfigurationPlatforms) = preSolution
		Debug|Any CPU = Debug|Any CPU
		Release|Any CPU = Release|Any CPU
	EndGlobalSection
	GlobalSection(ProjectConfigurationPlatforms) = postSolution
		{AEFFB713-3FB3-4BE0-B3FE-7644CA19F21A}.Debug|Any CPU.ActiveCfg = Debug|Any CPU
		{AEFFB713-3FB3-4BE0-B3FE-7644CA19F21A}.Debug|Any CPU.Build.0 = Debug|Any CPU
		{AEFFB713-3FB3-4BE0-B3FE-7644CA19F21A}.Release|Any CPU.ActiveCfg = Release|Any CPU
		{AEFFB713-3FB3-4BE0-B3FE-7644CA19F21A}.Release|Any CPU.Build.0 = Release|Any CPU
	EndGlobalSection
	GlobalSection(SolutionProperties) = preSolution
		HideSolutionNode = FALSE
	EndGlobalSection
	GlobalSection(ExtensibilityGlobals) = postSolution
		SolutionGuid = {60673063-9014-4498-B93F-3AB702A2CFC7}
	EndGlobalSection
EndGlobal
