
Microsoft Visual Studio Solution File, Format Version 12.00
# Visual Studio Version 16
VisualStudioVersion = 16.0.31005.135
MinimumVisualStudioVersion = 10.0.40219.1
Project("{FAE04EC0-301F-11D3-BF4B-00C04F79EFBC}") = "override_overloading", "override_overloading\override_overloading.csproj", "{B147FA6F-C845-459C-A0D6-9835993FEE51}"
EndProject
Global
	GlobalSection(SolutionConfigurationPlatforms) = preSolution
		Debug|Any CPU = Debug|Any CPU
		Release|Any CPU = Release|Any CPU
	EndGlobalSection
	GlobalSection(ProjectConfigurationPlatforms) = postSolution
		{B147FA6F-C845-459C-A0D6-9835993FEE51}.Debug|Any CPU.ActiveCfg = Debug|Any CPU
		{B147FA6F-C845-459C-A0D6-9835993FEE51}.Debug|Any CPU.Build.0 = Debug|Any CPU
		{B147FA6F-C845-459C-A0D6-9835993FEE51}.Release|Any CPU.ActiveCfg = Release|Any CPU
		{B147FA6F-C845-459C-A0D6-9835993FEE51}.Release|Any CPU.Build.0 = Release|Any CPU
	EndGlobalSection
	GlobalSection(SolutionProperties) = preSolution
		HideSolutionNode = FALSE
	EndGlobalSection
	GlobalSection(ExtensibilityGlobals) = postSolution
		SolutionGuid = {69DE0494-BA1E-4B35-85CD-CA8A2880EEF5}
	EndGlobalSection
EndGlobal
