
Microsoft Visual Studio Solution File, Format Version 12.00
# Visual Studio Version 16
VisualStudioVersion = 16.0.30717.126
MinimumVisualStudioVersion = 10.0.40219.1
Project("{FAE04EC0-301F-11D3-BF4B-00C04F79EFBC}") = "0218", "0218\0218.csproj", "{925FBF15-41D2-4793-81B8-2A69FAC08045}"
EndProject
Global
	GlobalSection(SolutionConfigurationPlatforms) = preSolution
		Debug|Any CPU = Debug|Any CPU
		Release|Any CPU = Release|Any CPU
	EndGlobalSection
	GlobalSection(ProjectConfigurationPlatforms) = postSolution
		{925FBF15-41D2-4793-81B8-2A69FAC08045}.Debug|Any CPU.ActiveCfg = Debug|Any CPU
		{925FBF15-41D2-4793-81B8-2A69FAC08045}.Debug|Any CPU.Build.0 = Debug|Any CPU
		{925FBF15-41D2-4793-81B8-2A69FAC08045}.Release|Any CPU.ActiveCfg = Release|Any CPU
		{925FBF15-41D2-4793-81B8-2A69FAC08045}.Release|Any CPU.Build.0 = Release|Any CPU
	EndGlobalSection
	GlobalSection(SolutionProperties) = preSolution
		HideSolutionNode = FALSE
	EndGlobalSection
	GlobalSection(ExtensibilityGlobals) = postSolution
		SolutionGuid = {2E6A5384-4AAB-4C3D-9BBA-4D26B0FF99AD}
	EndGlobalSection
EndGlobal
