
Microsoft Visual Studio Solution File, Format Version 12.00
# Visual Studio Version 16
VisualStudioVersion = 16.0.31025.194
MinimumVisualStudioVersion = 10.0.40219.1
Project("{FAE04EC0-301F-11D3-BF4B-00C04F79EFBC}") = "Chapter05_2", "Chapter05_2\Chapter05_2.csproj", "{9A765A00-656F-484A-87C2-A434E3321A73}"
EndProject
Project("{FAE04EC0-301F-11D3-BF4B-00C04F79EFBC}") = "StudentListManager", "StudentListManager\StudentListManager.csproj", "{44AD46B3-FBD3-4C7A-AE02-55F295CE0838}"
EndProject
Global
	GlobalSection(SolutionConfigurationPlatforms) = preSolution
		Debug|Any CPU = Debug|Any CPU
		Release|Any CPU = Release|Any CPU
	EndGlobalSection
	GlobalSection(ProjectConfigurationPlatforms) = postSolution
		{9A765A00-656F-484A-87C2-A434E3321A73}.Debug|Any CPU.ActiveCfg = Debug|Any CPU
		{9A765A00-656F-484A-87C2-A434E3321A73}.Debug|Any CPU.Build.0 = Debug|Any CPU
		{9A765A00-656F-484A-87C2-A434E3321A73}.Release|Any CPU.ActiveCfg = Release|Any CPU
		{9A765A00-656F-484A-87C2-A434E3321A73}.Release|Any CPU.Build.0 = Release|Any CPU
		{44AD46B3-FBD3-4C7A-AE02-55F295CE0838}.Debug|Any CPU.ActiveCfg = Debug|Any CPU
		{44AD46B3-FBD3-4C7A-AE02-55F295CE0838}.Debug|Any CPU.Build.0 = Debug|Any CPU
		{44AD46B3-FBD3-4C7A-AE02-55F295CE0838}.Release|Any CPU.ActiveCfg = Release|Any CPU
		{44AD46B3-FBD3-4C7A-AE02-55F295CE0838}.Release|Any CPU.Build.0 = Release|Any CPU
	EndGlobalSection
	GlobalSection(SolutionProperties) = preSolution
		HideSolutionNode = FALSE
	EndGlobalSection
	GlobalSection(ExtensibilityGlobals) = postSolution
		SolutionGuid = {61853DB0-4CAB-4461-9511-BB5D09D8C244}
	EndGlobalSection
EndGlobal
