
Microsoft Visual Studio Solution File, Format Version 12.00
# Visual Studio 15
VisualStudioVersion = 15.0.28307.489
MinimumVisualStudioVersion = 10.0.40219.1
Project("{FAE04EC0-301F-11D3-BF4B-00C04F79EFBC}") = "DBtest_Mssql", "DBtest0614\DBtest_Mssql.csproj", "{032A12D8-EA72-4E7A-AE7E-0D0B17681E0F}"
EndProject
Project("{FAE04EC0-301F-11D3-BF4B-00C04F79EFBC}") = "DBtest_Access", "DBtest_Access\DBtest_Access.csproj", "{643E867D-78DB-48CB-B909-DD6CB24FE109}"
EndProject
Global
	GlobalSection(SolutionConfigurationPlatforms) = preSolution
		Debug|Any CPU = Debug|Any CPU
		Release|Any CPU = Release|Any CPU
	EndGlobalSection
	GlobalSection(ProjectConfigurationPlatforms) = postSolution
		{032A12D8-EA72-4E7A-AE7E-0D0B17681E0F}.Debug|Any CPU.ActiveCfg = Debug|Any CPU
		{032A12D8-EA72-4E7A-AE7E-0D0B17681E0F}.Debug|Any CPU.Build.0 = Debug|Any CPU
		{032A12D8-EA72-4E7A-AE7E-0D0B17681E0F}.Release|Any CPU.ActiveCfg = Release|Any CPU
		{032A12D8-EA72-4E7A-AE7E-0D0B17681E0F}.Release|Any CPU.Build.0 = Release|Any CPU
		{643E867D-78DB-48CB-B909-DD6CB24FE109}.Debug|Any CPU.ActiveCfg = Debug|Any CPU
		{643E867D-78DB-48CB-B909-DD6CB24FE109}.Debug|Any CPU.Build.0 = Debug|Any CPU
		{643E867D-78DB-48CB-B909-DD6CB24FE109}.Release|Any CPU.ActiveCfg = Release|Any CPU
		{643E867D-78DB-48CB-B909-DD6CB24FE109}.Release|Any CPU.Build.0 = Release|Any CPU
	EndGlobalSection
	GlobalSection(SolutionProperties) = preSolution
		HideSolutionNode = FALSE
	EndGlobalSection
	GlobalSection(ExtensibilityGlobals) = postSolution
		SolutionGuid = {4F2D9C3F-3F1E-47E9-AD3F-D11C768E939B}
	EndGlobalSection
EndGlobal
