
Microsoft Visual Studio Solution File, Format Version 12.00
# Visual Studio Version 16
VisualStudioVersion = 16.0.31005.135
MinimumVisualStudioVersion = 10.0.40219.1
Project("{FAE04EC0-301F-11D3-BF4B-00C04F79EFBC}") = "0405gh", "0405gh\0405gh.csproj", "{20B27F96-7615-49E0-B3F3-E3B28BEEA09D}"
EndProject
Global
	GlobalSection(SolutionConfigurationPlatforms) = preSolution
		Debug|Any CPU = Debug|Any CPU
		Release|Any CPU = Release|Any CPU
	EndGlobalSection
	GlobalSection(ProjectConfigurationPlatforms) = postSolution
		{20B27F96-7615-49E0-B3F3-E3B28BEEA09D}.Debug|Any CPU.ActiveCfg = Debug|Any CPU
		{20B27F96-7615-49E0-B3F3-E3B28BEEA09D}.Debug|Any CPU.Build.0 = Debug|Any CPU
		{20B27F96-7615-49E0-B3F3-E3B28BEEA09D}.Release|Any CPU.ActiveCfg = Release|Any CPU
		{20B27F96-7615-49E0-B3F3-E3B28BEEA09D}.Release|Any CPU.Build.0 = Release|Any CPU
	EndGlobalSection
	GlobalSection(SolutionProperties) = preSolution
		HideSolutionNode = FALSE
	EndGlobalSection
	GlobalSection(ExtensibilityGlobals) = postSolution
		SolutionGuid = {1EF55AD1-6AB9-481D-B003-663DE28CA6F3}
	EndGlobalSection
EndGlobal
