
Microsoft Visual Studio Solution File, Format Version 12.00
# Visual Studio Version 16
VisualStudioVersion = 16.0.31005.135
MinimumVisualStudioVersion = 10.0.40219.1
Project("{FAE04EC0-301F-11D3-BF4B-00C04F79EFBC}") = "Chapter05", "Chapter05\Chapter05.csproj", "{BCD59287-1935-4DB0-BCE9-7D866DF2B89A}"
EndProject
Global
	GlobalSection(SolutionConfigurationPlatforms) = preSolution
		Debug|Any CPU = Debug|Any CPU
		Release|Any CPU = Release|Any CPU
	EndGlobalSection
	GlobalSection(ProjectConfigurationPlatforms) = postSolution
		{BCD59287-1935-4DB0-BCE9-7D866DF2B89A}.Debug|Any CPU.ActiveCfg = Debug|Any CPU
		{BCD59287-1935-4DB0-BCE9-7D866DF2B89A}.Debug|Any CPU.Build.0 = Debug|Any CPU
		{BCD59287-1935-4DB0-BCE9-7D866DF2B89A}.Release|Any CPU.ActiveCfg = Release|Any CPU
		{BCD59287-1935-4DB0-BCE9-7D866DF2B89A}.Release|Any CPU.Build.0 = Release|Any CPU
	EndGlobalSection
	GlobalSection(SolutionProperties) = preSolution
		HideSolutionNode = FALSE
	EndGlobalSection
	GlobalSection(ExtensibilityGlobals) = postSolution
		SolutionGuid = {697B2E6A-7911-4305-9381-2884A4C656CD}
	EndGlobalSection
EndGlobal
