
Microsoft Visual Studio Solution File, Format Version 12.00
# Visual Studio Version 16
VisualStudioVersion = 16.0.30717.126
MinimumVisualStudioVersion = 10.0.40219.1
Project("{FAE04EC0-301F-11D3-BF4B-00C04F79EFBC}") = "cal", "cal\cal.csproj", "{DF80B6C8-02CD-4A37-9587-67255814E2F0}"
EndProject
Global
	GlobalSection(SolutionConfigurationPlatforms) = preSolution
		Debug|Any CPU = Debug|Any CPU
		Release|Any CPU = Release|Any CPU
	EndGlobalSection
	GlobalSection(ProjectConfigurationPlatforms) = postSolution
		{DF80B6C8-02CD-4A37-9587-67255814E2F0}.Debug|Any CPU.ActiveCfg = Debug|Any CPU
		{DF80B6C8-02CD-4A37-9587-67255814E2F0}.Debug|Any CPU.Build.0 = Debug|Any CPU
		{DF80B6C8-02CD-4A37-9587-67255814E2F0}.Release|Any CPU.ActiveCfg = Release|Any CPU
		{DF80B6C8-02CD-4A37-9587-67255814E2F0}.Release|Any CPU.Build.0 = Release|Any CPU
	EndGlobalSection
	GlobalSection(SolutionProperties) = preSolution
		HideSolutionNode = FALSE
	EndGlobalSection
	GlobalSection(ExtensibilityGlobals) = postSolution
		SolutionGuid = {3014A50F-5CBF-4B9F-94A4-2E42F1F85DE3}
	EndGlobalSection
EndGlobal
