
Microsoft Visual Studio Solution File, Format Version 12.00
# Visual Studio Version 16
VisualStudioVersion = 16.0.30717.126
MinimumVisualStudioVersion = 10.0.40219.1
Project("{FAE04EC0-301F-11D3-BF4B-00C04F79EFBC}") = "arr0208", "arr0208\arr0208.csproj", "{8CA1DBA6-E287-4DB1-8B6C-C8CA6466BCCD}"
EndProject
Global
	GlobalSection(SolutionConfigurationPlatforms) = preSolution
		Debug|Any CPU = Debug|Any CPU
		Release|Any CPU = Release|Any CPU
	EndGlobalSection
	GlobalSection(ProjectConfigurationPlatforms) = postSolution
		{8CA1DBA6-E287-4DB1-8B6C-C8CA6466BCCD}.Debug|Any CPU.ActiveCfg = Debug|Any CPU
		{8CA1DBA6-E287-4DB1-8B6C-C8CA6466BCCD}.Debug|Any CPU.Build.0 = Debug|Any CPU
		{8CA1DBA6-E287-4DB1-8B6C-C8CA6466BCCD}.Release|Any CPU.ActiveCfg = Release|Any CPU
		{8CA1DBA6-E287-4DB1-8B6C-C8CA6466BCCD}.Release|Any CPU.Build.0 = Release|Any CPU
	EndGlobalSection
	GlobalSection(SolutionProperties) = preSolution
		HideSolutionNode = FALSE
	EndGlobalSection
	GlobalSection(ExtensibilityGlobals) = postSolution
		SolutionGuid = {BDAC90C1-A999-4312-922D-ECCF8FE61AF6}
	EndGlobalSection
EndGlobal
