
Microsoft Visual Studio Solution File, Format Version 12.00
# Visual Studio Version 16
VisualStudioVersion = 16.0.31005.135
MinimumVisualStudioVersion = 10.0.40219.1
Project("{FAE04EC0-301F-11D3-BF4B-00C04F79EFBC}") = "0416", "0416\0416.csproj", "{113CD313-2667-44B1-A143-A6505CB511BA}"
EndProject
Global
	GlobalSection(SolutionConfigurationPlatforms) = preSolution
		Debug|Any CPU = Debug|Any CPU
		Release|Any CPU = Release|Any CPU
	EndGlobalSection
	GlobalSection(ProjectConfigurationPlatforms) = postSolution
		{113CD313-2667-44B1-A143-A6505CB511BA}.Debug|Any CPU.ActiveCfg = Debug|Any CPU
		{113CD313-2667-44B1-A143-A6505CB511BA}.Debug|Any CPU.Build.0 = Debug|Any CPU
		{113CD313-2667-44B1-A143-A6505CB511BA}.Release|Any CPU.ActiveCfg = Release|Any CPU
		{113CD313-2667-44B1-A143-A6505CB511BA}.Release|Any CPU.Build.0 = Release|Any CPU
	EndGlobalSection
	GlobalSection(SolutionProperties) = preSolution
		HideSolutionNode = FALSE
	EndGlobalSection
	GlobalSection(ExtensibilityGlobals) = postSolution
		SolutionGuid = {B89C5828-21E3-4727-8E87-8CE8B127A4A7}
	EndGlobalSection
EndGlobal
