
Microsoft Visual Studio Solution File, Format Version 12.00
# Visual Studio Version 16
VisualStudioVersion = 16.0.30717.126
MinimumVisualStudioVersion = 10.0.40219.1
Project("{FAE04EC0-301F-11D3-BF4B-00C04F79EFBC}") = "Student1", "Student1\Student1.csproj", "{AAB928A9-A685-4A25-AF31-5BE8B783BFDF}"
EndProject
Global
	GlobalSection(SolutionConfigurationPlatforms) = preSolution
		Debug|Any CPU = Debug|Any CPU
		Release|Any CPU = Release|Any CPU
	EndGlobalSection
	GlobalSection(ProjectConfigurationPlatforms) = postSolution
		{AAB928A9-A685-4A25-AF31-5BE8B783BFDF}.Debug|Any CPU.ActiveCfg = Debug|Any CPU
		{AAB928A9-A685-4A25-AF31-5BE8B783BFDF}.Debug|Any CPU.Build.0 = Debug|Any CPU
		{AAB928A9-A685-4A25-AF31-5BE8B783BFDF}.Release|Any CPU.ActiveCfg = Release|Any CPU
		{AAB928A9-A685-4A25-AF31-5BE8B783BFDF}.Release|Any CPU.Build.0 = Release|Any CPU
	EndGlobalSection
	GlobalSection(SolutionProperties) = preSolution
		HideSolutionNode = FALSE
	EndGlobalSection
	GlobalSection(ExtensibilityGlobals) = postSolution
		SolutionGuid = {F2A21B1E-B69E-4D56-8DED-81274D2B5791}
	EndGlobalSection
EndGlobal
